
Microsoft Visual Studio Solution File, Format Version 12.00
# Visual Studio Version 16
VisualStudioVersion = 16.0.32126.315
MinimumVisualStudioVersion = 10.0.40219.1
Project("{8BC9CEB8-8B4A-11D0-8D11-00A0C91BC942}") = "NumberLibrary", "NumberLibrary\NumberLibrary.vcxproj", "{1D56E3F0-F2D6-412F-85EB-55335053AEAF}"
EndProject
Project("{8BC9CEB8-8B4A-11D0-8D11-00A0C91BC942}") = "tester", "tester\tester.vcxproj", "{1D04F25F-470F-4381-A367-888E1A38656A}"
EndProject
Project("{8BC9CEB8-8B4A-11D0-8D11-00A0C91BC942}") = "DynamicVector", "DynamicVector\DynamicVector.vcxproj", "{28A4A3D4-9C51-43EB-A3F7-603CB3AF2F12}"
EndProject
Global
	GlobalSection(SolutionConfigurationPlatforms) = preSolution
		Debug|x64 = Debug|x64
		Debug|x86 = Debug|x86
		Release|x64 = Release|x64
		Release|x86 = Release|x86
	EndGlobalSection
	GlobalSection(ProjectConfigurationPlatforms) = postSolution
		{1D56E3F0-F2D6-412F-85EB-55335053AEAF}.Debug|x64.ActiveCfg = Debug|x64
		{1D56E3F0-F2D6-412F-85EB-55335053AEAF}.Debug|x64.Build.0 = Debug|x64
		{1D56E3F0-F2D6-412F-85EB-55335053AEAF}.Debug|x86.ActiveCfg = Debug|Win32
		{1D56E3F0-F2D6-412F-85EB-55335053AEAF}.Debug|x86.Build.0 = Debug|Win32
		{1D56E3F0-F2D6-412F-85EB-55335053AEAF}.Release|x64.ActiveCfg = Release|x64
		{1D56E3F0-F2D6-412F-85EB-55335053AEAF}.Release|x64.Build.0 = Release|x64
		{1D56E3F0-F2D6-412F-85EB-55335053AEAF}.Release|x86.ActiveCfg = Release|Win32
		{1D56E3F0-F2D6-412F-85EB-55335053AEAF}.Release|x86.Build.0 = Release|Win32
		{1D04F25F-470F-4381-A367-888E1A38656A}.Debug|x64.ActiveCfg = Debug|x64
		{1D04F25F-470F-4381-A367-888E1A38656A}.Debug|x64.Build.0 = Debug|x64
		{1D04F25F-470F-4381-A367-888E1A38656A}.Debug|x86.ActiveCfg = Debug|Win32
		{1D04F25F-470F-4381-A367-888E1A38656A}.Debug|x86.Build.0 = Debug|Win32
		{1D04F25F-470F-4381-A367-888E1A38656A}.Release|x64.ActiveCfg = Release|x64
		{1D04F25F-470F-4381-A367-888E1A38656A}.Release|x64.Build.0 = Release|x64
		{1D04F25F-470F-4381-A367-888E1A38656A}.Release|x86.ActiveCfg = Release|Win32
		{1D04F25F-470F-4381-A367-888E1A38656A}.Release|x86.Build.0 = Release|Win32
		{28A4A3D4-9C51-43EB-A3F7-603CB3AF2F12}.Debug|x64.ActiveCfg = Debug|x64
		{28A4A3D4-9C51-43EB-A3F7-603CB3AF2F12}.Debug|x64.Build.0 = Debug|x64
		{28A4A3D4-9C51-43EB-A3F7-603CB3AF2F12}.Debug|x86.ActiveCfg = Debug|Win32
		{28A4A3D4-9C51-43EB-A3F7-603CB3AF2F12}.Debug|x86.Build.0 = Debug|Win32
		{28A4A3D4-9C51-43EB-A3F7-603CB3AF2F12}.Release|x64.ActiveCfg = Release|x64
		{28A4A3D4-9C51-43EB-A3F7-603CB3AF2F12}.Release|x64.Build.0 = Release|x64
		{28A4A3D4-9C51-43EB-A3F7-603CB3AF2F12}.Release|x86.ActiveCfg = Release|Win32
		{28A4A3D4-9C51-43EB-A3F7-603CB3AF2F12}.Release|x86.Build.0 = Release|Win32
	EndGlobalSection
	GlobalSection(SolutionProperties) = preSolution
		HideSolutionNode = FALSE
	EndGlobalSection
	GlobalSection(ExtensibilityGlobals) = postSolution
		SolutionGuid = {DB96DFFB-FACE-4277-AF7F-FA6402269240}
	EndGlobalSection
EndGlobal
